// !$*UTF8*$!
{
	archiveVersion = 1;
	classes = {
	};
	objectVersion = 50;
	objects = {

/* Begin PBXBuildFile section */
		FB74A9D2211A1F4900C5DF6A /* AppDelegate.swift in Sources */ = {isa = PBXBuildFile; fileRef = FB74A9D1211A1F4900C5DF6A /* AppDelegate.swift */; };
		FB74A9D4211A1F4900C5DF6A /* ViewController.swift in Sources */ = {isa = PBXBuildFile; fileRef = FB74A9D3211A1F4900C5DF6A /* ViewController.swift */; };
		FB74A9D7211A1F4900C5DF6A /* Main.storyboard in Resources */ = {isa = PBXBuildFile; fileRef = FB74A9D5211A1F4900C5DF6A /* Main.storyboard */; };
		FB74A9D9211A1F4A00C5DF6A /* Assets.xcassets in Resources */ = {isa = PBXBuildFile; fileRef = FB74A9D8211A1F4A00C5DF6A /* Assets.xcassets */; };
		FB74A9DC211A1F4A00C5DF6A /* LaunchScreen.storyboard in Resources */ = {isa = PBXBuildFile; fileRef = FB74A9DA211A1F4A00C5DF6A /* LaunchScreen.storyboard */; };
		FB74A9E6211A1F7000C5DF6A /* Junk.m in Sources */ = {isa = PBXBuildFile; fileRef = FB74A9E5211A1F7000C5DF6A /* Junk.m */; };
		FB74AA03211A215E00C5DF6A /* TrustKit.framework in Frameworks */ = {isa = PBXBuildFile; fileRef = FB74AA01211A20DA00C5DF6A /* TrustKit.framework */; };
		FB74AA04211A215E00C5DF6A /* TrustKit.framework in Embed Frameworks */ = {isa = PBXBuildFile; fileRef = FB74AA01211A20DA00C5DF6A /* TrustKit.framework */; settings = {ATTRIBUTES = (CodeSignOnCopy, RemoveHeadersOnCopy, ); }; };
/* End PBXBuildFile section */

/* Begin PBXCopyFilesBuildPhase section */
		FB74AA05211A215E00C5DF6A /* Embed Frameworks */ = {
			isa = PBXCopyFilesBuildPhase;
			buildActionMask = 2147483647;
			dstPath = "";
			dstSubfolderSpec = 10;
			files = (
				FB74AA04211A215E00C5DF6A /* TrustKit.framework in Embed Frameworks */,
			);
			name = "Embed Frameworks";
			runOnlyForDeploymentPostprocessing = 0;
		};
/* End PBXCopyFilesBuildPhase section */

/* Begin PBXFileReference section */
		FB74A9CE211A1F4900C5DF6A /* ObjCBridge.app */ = {isa = PBXFileReference; explicitFileType = wrapper.application; includeInIndex = 0; path = ObjCBridge.app; sourceTree = BUILT_PRODUCTS_DIR; };
		FB74A9D1211A1F4900C5DF6A /* AppDelegate.swift */ = {isa = PBXFileReference; lastKnownFileType = sourcecode.swift; path = AppDelegate.swift; sourceTree = "<group>"; };
		FB74A9D3211A1F4900C5DF6A /* ViewController.swift */ = {isa = PBXFileReference; lastKnownFileType = sourcecode.swift; path = ViewController.swift; sourceTree = "<group>"; };
		FB74A9D6211A1F4900C5DF6A /* Base */ = {isa = PBXFileReference; lastKnownFileType = file.storyboard; name = Base; path = Base.lproj/Main.storyboard; sourceTree = "<group>"; };
		FB74A9D8211A1F4A00C5DF6A /* Assets.xcassets */ = {isa = PBXFileReference; lastKnownFileType = folder.assetcatalog; path = Assets.xcassets; sourceTree = "<group>"; };
		FB74A9DB211A1F4A00C5DF6A /* Base */ = {isa = PBXFileReference; lastKnownFileType = file.storyboard; name = Base; path = Base.lproj/LaunchScreen.storyboard; sourceTree = "<group>"; };
		FB74A9DD211A1F4A00C5DF6A /* Info.plist */ = {isa = PBXFileReference; lastKnownFileType = text.plist.xml; path = Info.plist; sourceTree = "<group>"; };
		FB74A9E3211A1F7000C5DF6A /* ObjCBridge-Bridging-Header.h */ = {isa = PBXFileReference; lastKnownFileType = sourcecode.c.h; path = "ObjCBridge-Bridging-Header.h"; sourceTree = "<group>"; };
		FB74A9E4211A1F7000C5DF6A /* Junk.h */ = {isa = PBXFileReference; lastKnownFileType = sourcecode.c.h; path = Junk.h; sourceTree = "<group>"; };
		FB74A9E5211A1F7000C5DF6A /* Junk.m */ = {isa = PBXFileReference; lastKnownFileType = sourcecode.c.objc; path = Junk.m; sourceTree = "<group>"; };
		FB74AA01211A20DA00C5DF6A /* TrustKit.framework */ = {isa = PBXFileReference; lastKnownFileType = wrapper.framework; name = TrustKit.framework; path = ../../TrustKit/Frameworks/TrustKit.framework; sourceTree = "<group>"; };
/* End PBXFileReference section */

/* Begin PBXFrameworksBuildPhase section */
		FB74A9CB211A1F4900C5DF6A /* Frameworks */ = {
			isa = PBXFrameworksBuildPhase;
			buildActionMask = 2147483647;
			files = (
				FB74AA03211A215E00C5DF6A /* TrustKit.framework in Frameworks */,
			);
			runOnlyForDeploymentPostprocessing = 0;
		};
/* End PBXFrameworksBuildPhase section */

/* Begin PBXGroup section */
		FB74A9C5211A1F4900C5DF6A = {
			isa = PBXGroup;
			children = (
				FB74A9D0211A1F4900C5DF6A /* ObjCBridge */,
				FB74A9CF211A1F4900C5DF6A /* Products */,
			);
			sourceTree = "<group>";
		};
		FB74A9CF211A1F4900C5DF6A /* Products */ = {
			isa = PBXGroup;
			children = (
				FB74A9CE211A1F4900C5DF6A /* ObjCBridge.app */,
			);
			name = Products;
			sourceTree = "<group>";
		};
		FB74A9D0211A1F4900C5DF6A /* ObjCBridge */ = {
			isa = PBXGroup;
			children = (
				FB74AA01211A20DA00C5DF6A /* TrustKit.framework */,
				FB74A9D1211A1F4900C5DF6A /* AppDelegate.swift */,
				FB74A9D3211A1F4900C5DF6A /* ViewController.swift */,
				FB74A9E4211A1F7000C5DF6A /* Junk.h */,
				FB74A9E5211A1F7000C5DF6A /* Junk.m */,
				FB74A9D5211A1F4900C5DF6A /* Main.storyboard */,
				FB74A9D8211A1F4A00C5DF6A /* Assets.xcassets */,
				FB74A9DA211A1F4A00C5DF6A /* LaunchScreen.storyboard */,
				FB74A9DD211A1F4A00C5DF6A /* Info.plist */,
				FB74A9E3211A1F7000C5DF6A /* ObjCBridge-Bridging-Header.h */,
			);
			path = ObjCBridge;
			sourceTree = "<group>";
		};
/* End PBXGroup section */

/* Begin PBXNativeTarget section */
		FB74A9CD211A1F4900C5DF6A /* ObjCBridge */ = {
			isa = PBXNativeTarget;
			buildConfigurationList = FB74A9E0211A1F4A00C5DF6A /* Build configuration list for PBXNativeTarget "ObjCBridge" */;
			buildPhases = (
				FB74A9CA211A1F4900C5DF6A /* Sources */,
				FB74A9CB211A1F4900C5DF6A /* Frameworks */,
				FB74A9CC211A1F4900C5DF6A /* Resources */,
				FB74AA05211A215E00C5DF6A /* Embed Frameworks */,
			);
			buildRules = (
			);
			dependencies = (
			);
			name = ObjCBridge;
			productName = ObjCBridge;
			productReference = FB74A9CE211A1F4900C5DF6A /* ObjCBridge.app */;
			productType = "com.apple.product-type.application";
		};
/* End PBXNativeTarget section */

/* Begin PBXProject section */
		FB74A9C6211A1F4900C5DF6A /* Project object */ = {
			isa = PBXProject;
			attributes = {
				LastSwiftUpdateCheck = 1000;
				LastUpgradeCheck = 1240;
				ORGANIZATIONNAME = "Gene Backlin";
				TargetAttributes = {
					FB74A9CD211A1F4900C5DF6A = {
						CreatedOnToolsVersion = 10.0;
						LastSwiftMigration = 1240;
					};
				};
			};
			buildConfigurationList = FB74A9C9211A1F4900C5DF6A /* Build configuration list for PBXProject "ObjCBridge" */;
			compatibilityVersion = "Xcode 9.3";
			developmentRegion = en;
			hasScannedForEncodings = 0;
			knownRegions = (
				en,
				Base,
			);
			mainGroup = FB74A9C5211A1F4900C5DF6A;
			productRefGroup = FB74A9CF211A1F4900C5DF6A /* Products */;
			projectDirPath = "";
			projectRoot = "";
			targets = (
				FB74A9CD211A1F4900C5DF6A /* ObjCBridge */,
			);
		};
/* End PBXProject section */

/* Begin PBXResourcesBuildPhase section */
		FB74A9CC211A1F4900C5DF6A /* Resources */ = {
			isa = PBXResourcesBuildPhase;
			buildActionMask = 2147483647;
			files = (
				FB74A9DC211A1F4A00C5DF6A /* LaunchScreen.storyboard in Resources */,
				FB74A9D9211A1F4A00C5DF6A /* Assets.xcassets in Resources */,
				FB74A9D7211A1F4900C5DF6A /* Main.storyboard in Resources */,
			);
			runOnlyForDeploymentPostprocessing = 0;
		};
/* End PBXResourcesBuildPhase section */

/* Begin PBXSourcesBuildPhase section */
		FB74A9CA211A1F4900C5DF6A /* Sources */ = {
			isa = PBXSourcesBuildPhase;
			buildActionMask = 2147483647;
			files = (
				FB74A9D4211A1F4900C5DF6A /* ViewController.swift in Sources */,
				FB74A9D2211A1F4900C5DF6A /* AppDelegate.swift in Sources */,
				FB74A9E6211A1F7000C5DF6A /* Junk.m in Sources */,
			);
			runOnlyForDeploymentPostprocessing = 0;
		};
/* End PBXSourcesBuildPhase section */

/* Begin PBXVariantGroup section */
		FB74A9D5211A1F4900C5DF6A /* Main.storyboard */ = {
			isa = PBXVariantGroup;
			children = (
				FB74A9D6211A1F4900C5DF6A /* Base */,
			);
			name = Main.storyboard;
			sourceTree = "<group>";
		};
		FB74A9DA211A1F4A00C5DF6A /* LaunchScreen.storyboard */ = {
			isa = PBXVariantGroup;
			children = (
				FB74A9DB211A1F4A00C5DF6A /* Base */,
			);
			name = LaunchScreen.storyboard;
			sourceTree = "<group>";
		};
/* End PBXVariantGroup section */

/* Begin XCBuildConfiguration section */
		FB74A9DE211A1F4A00C5DF6A /* Debug */ = {
			isa = XCBuildConfiguration;
			buildSettings = {
				ALWAYS_SEARCH_USER_PATHS = NO;
				CLANG_ANALYZER_NONNULL = YES;
				CLANG_ANALYZER_NUMBER_OBJECT_CONVERSION = YES_AGGRESSIVE;
				CLANG_CXX_LANGUAGE_STANDARD = "gnu++14";
				CLANG_CXX_LIBRARY = "libc++";
				CLANG_ENABLE_MODULES = YES;
				CLANG_ENABLE_OBJC_ARC = YES;
				CLANG_ENABLE_OBJC_WEAK = YES;
				CLANG_WARN_BLOCK_CAPTURE_AUTORELEASING = YES;
				CLANG_WARN_BOOL_CONVERSION = YES;
				CLANG_WARN_COMMA = YES;
				CLANG_WARN_CONSTANT_CONVERSION = YES;
				CLANG_WARN_DEPRECATED_OBJC_IMPLEMENTATIONS = YES;
				CLANG_WARN_DIRECT_OBJC_ISA_USAGE = YES_ERROR;
				CLANG_WARN_DOCUMENTATION_COMMENTS = YES;
				CLANG_WARN_EMPTY_BODY = YES;
				CLANG_WARN_ENUM_CONVERSION = YES;
				CLANG_WARN_INFINITE_RECURSION = YES;
				CLANG_WARN_INT_CONVERSION = YES;
				CLANG_WARN_NON_LITERAL_NULL_CONVERSION = YES;
				CLANG_WARN_OBJC_IMPLICIT_RETAIN_SELF = YES;
				CLANG_WARN_OBJC_LITERAL_CONVERSION = YES;
				CLANG_WARN_OBJC_ROOT_CLASS = YES_ERROR;
				CLANG_WARN_QUOTED_INCLUDE_IN_FRAMEWORK_HEADER = YES;
				CLANG_WARN_RANGE_LOOP_ANALYSIS = YES;
				CLANG_WARN_STRICT_PROTOTYPES = YES;
				CLANG_WARN_SUSPICIOUS_MOVE = YES;
				CLANG_WARN_UNGUARDED_AVAILABILITY = YES_AGGRESSIVE;
				CLANG_WARN_UNREACHABLE_CODE = YES;
				CLANG_WARN__DUPLICATE_METHOD_MATCH = YES;
				CODE_SIGN_IDENTITY = "iPhone Developer";
				COPY_PHASE_STRIP = NO;
				DEBUG_INFORMATION_FORMAT = dwarf;
				ENABLE_STRICT_OBJC_MSGSEND = YES;
				ENABLE_TESTABILITY = YES;
				GCC_C_LANGUAGE_STANDARD = gnu11;
				GCC_DYNAMIC_NO_PIC = NO;
				GCC_NO_COMMON_BLOCKS = YES;
				GCC_OPTIMIZATION_LEVEL = 0;
				GCC_PREPROCESSOR_DEFINITIONS = (
					"DEBUG=1",
					"$(inherited)",
				);
				GCC_WARN_64_TO_32_BIT_CONVERSION = YES;
				GCC_WARN_ABOUT_RETURN_TYPE = YES_ERROR;
				GCC_WARN_UNDECLARED_SELECTOR = YES;
				GCC_WARN_UNINITIALIZED_AUTOS = YES_AGGRESSIVE;
				GCC_WARN_UNUSED_FUNCTION = YES;
				GCC_WARN_UNUSED_VARIABLE = YES;
				IPHONEOS_DEPLOYMENT_TARGET = 12.0;
				MTL_ENABLE_DEBUG_INFO = INCLUDE_SOURCE;
				MTL_FAST_MATH = YES;
				ONLY_ACTIVE_ARCH = YES;
				SDKROOT = iphoneos;
				SWIFT_ACTIVE_COMPILATION_CONDITIONS = DEBUG;
				SWIFT_OPTIMIZATION_LEVEL = "-Onone";
			};
			name = Debug;
		};
		FB74A9DF211A1F4A00C5DF6A /* Release */ = {
			isa = XCBuildConfiguration;
			buildSettings = {
				ALWAYS_SEARCH_USER_PATHS = NO;
				CLANG_ANALYZER_NONNULL = YES;
				CLANG_ANALYZER_NUMBER_OBJECT_CONVERSION = YES_AGGRESSIVE;
				CLANG_CXX_LANGUAGE_STANDARD = "gnu++14";
				CLANG_CXX_LIBRARY = "libc++";
				CLANG_ENABLE_MODULES = YES;
				CLANG_ENABLE_OBJC_ARC = YES;
				CLANG_ENABLE_OBJC_WEAK = YES;
				CLANG_WARN_BLOCK_CAPTURE_AUTORELEASING = YES;
				CLANG_WARN_BOOL_CONVERSION = YES;
				CLANG_WARN_COMMA = YES;
				CLANG_WARN_CONSTANT_CONVERSION = YES;
				CLANG_WARN_DEPRECATED_OBJC_IMPLEMENTATIONS = YES;
				CLANG_WARN_DIRECT_OBJC_ISA_USAGE = YES_ERROR;
				CLANG_WARN_DOCUMENTATION_COMMENTS = YES;
				CLANG_WARN_EMPTY_BODY = YES;
				CLANG_WARN_ENUM_CONVERSION = YES;
				CLANG_WARN_INFINITE_RECURSION = YES;
				CLANG_WARN_INT_CONVERSION = YES;
				CLANG_WARN_NON_LITERAL_NULL_CONVERSION = YES;
				CLANG_WARN_OBJC_IMPLICIT_RETAIN_SELF = YES;
				CLANG_WARN_OBJC_LITERAL_CONVERSION = YES;
				CLANG_WARN_OBJC_ROOT_CLASS = YES_ERROR;
				CLANG_WARN_QUOTED_INCLUDE_IN_FRAMEWORK_HEADER = YES;
				CLANG_WARN_RANGE_LOOP_ANALYSIS = YES;
				CLANG_WARN_STRICT_PROTOTYPES = YES;
				CLANG_WARN_SUSPICIOUS_MOVE = YES;
				CLANG_WARN_UNGUARDED_AVAILABILITY = YES_AGGRESSIVE;
				CLANG_WARN_UNREACHABLE_CODE = YES;
				CLANG_WARN__DUPLICATE_METHOD_MATCH = YES;
				CODE_SIGN_IDENTITY = "iPhone Developer";
				COPY_PHASE_STRIP = NO;
				DEBUG_INFORMATION_FORMAT = "dwarf-with-dsym";
				ENABLE_NS_ASSERTIONS = NO;
				ENABLE_STRICT_OBJC_MSGSEND = YES;
				GCC_C_LANGUAGE_STANDARD = gnu11;
				GCC_NO_COMMON_BLOCKS = YES;
				GCC_WARN_64_TO_32_BIT_CONVERSION = YES;
				GCC_WARN_ABOUT_RETURN_TYPE = YES_ERROR;
				GCC_WARN_UNDECLARED_SELECTOR = YES;
				GCC_WARN_UNINITIALIZED_AUTOS = YES_AGGRESSIVE;
				GCC_WARN_UNUSED_FUNCTION = YES;
				GCC_WARN_UNUSED_VARIABLE = YES;
				IPHONEOS_DEPLOYMENT_TARGET = 12.0;
				MTL_ENABLE_DEBUG_INFO = NO;
				MTL_FAST_MATH = YES;
				SDKROOT = iphoneos;
				SWIFT_COMPILATION_MODE = wholemodule;
				SWIFT_OPTIMIZATION_LEVEL = "-O";
				VALIDATE_PRODUCT = YES;
			};
			name = Release;
		};
		FB74A9E1211A1F4A00C5DF6A /* Debug */ = {
			isa = XCBuildConfiguration;
			buildSettings = {
				ASSETCATALOG_COMPILER_APPICON_NAME = AppIcon;
				CLANG_ENABLE_MODULES = YES;
				CODE_SIGN_STYLE = Automatic;
				INFOPLIST_FILE = ObjCBridge/Info.plist;
				LD_RUNPATH_SEARCH_PATHS = (
					"$(inherited)",
					"@executable_path/Frameworks",
				);
				PRODUCT_BUNDLE_IDENTIFIER = com.marizack.ObjCBridge;
				PRODUCT_NAME = "$(TARGET_NAME)";
				SWIFT_OBJC_BRIDGING_HEADER = "ObjCBridge/ObjCBridge-Bridging-Header.h";
				SWIFT_OPTIMIZATION_LEVEL = "-Onone";
				SWIFT_VERSION = 5.0;
				TARGETED_DEVICE_FAMILY = "1,2";
			};
			name = Debug;
		};
		FB74A9E2211A1F4A00C5DF6A /* Release */ = {
			isa = XCBuildConfiguration;
			buildSettings = {
				ASSETCATALOG_COMPILER_APPICON_NAME = AppIcon;
				CLANG_ENABLE_MODULES = YES;
				CODE_SIGN_STYLE = Automatic;
				INFOPLIST_FILE = ObjCBridge/Info.plist;
				LD_RUNPATH_SEARCH_PATHS = (
					"$(inherited)",
					"@executable_path/Frameworks",
				);
				PRODUCT_BUNDLE_IDENTIFIER = com.marizack.ObjCBridge;
				PRODUCT_NAME = "$(TARGET_NAME)";
				SWIFT_OBJC_BRIDGING_HEADER = "ObjCBridge/ObjCBridge-Bridging-Header.h";
				SWIFT_VERSION = 5.0;
				TARGETED_DEVICE_FAMILY = "1,2";
			};
			name = Release;
		};
/* End XCBuildConfiguration section */

/* Begin XCConfigurationList section */
		FB74A9C9211A1F4900C5DF6A /* Build configuration list for PBXProject "ObjCBridge" */ = {
			isa = XCConfigurationList;
			buildConfigurations = (
				FB74A9DE211A1F4A00C5DF6A /* Debug */,
				FB74A9DF211A1F4A00C5DF6A /* Release */,
			);
			defaultConfigurationIsVisible = 0;
			defaultConfigurationName = Release;
		};
		FB74A9E0211A1F4A00C5DF6A /* Build configuration list for PBXNativeTarget "ObjCBridge" */ = {
			isa = XCConfigurationList;
			buildConfigurations = (
				FB74A9E1211A1F4A00C5DF6A /* Debug */,
				FB74A9E2211A1F4A00C5DF6A /* Release */,
			);
			defaultConfigurationIsVisible = 0;
			defaultConfigurationName = Release;
		};
/* End XCConfigurationList section */
	};
	rootObject = FB74A9C6211A1F4900C5DF6A /* Project object */;
}
